
Microsoft Visual Studio Solution File, Format Version 12.00
# Visual Studio Version 16
VisualStudioVersion = 16.0.28729.10
MinimumVisualStudioVersion = 10.0.40219.1
Project("{FAE04EC0-301F-11D3-BF4B-00C04F79EFBC}") = "MuVox", "MuVox\MuVox.csproj", "{DE47FF85-6E21-43A5-BD71-3F5BE9F48713}"
EndProject
Project("{FAE04EC0-301F-11D3-BF4B-00C04F79EFBC}") = "MuVox.Testing", "MuVox.Testing\MuVox.Testing.csproj", "{CF5EFD1B-A05A-42A4-B891-5C73221AD596}"
EndProject
Project("{930C7802-8A8C-48F9-8165-68863BCCD9DD}") = "MuVox.Installer", "MuVox.Installer\MuVox.Installer.wixproj", "{952574A2-0BC1-44E4-A157-5C2A60DA9597}"
EndProject
Global
	GlobalSection(SolutionConfigurationPlatforms) = preSolution
		Debug|Any CPU = Debug|Any CPU
		Debug|x86 = Debug|x86
		Release|Any CPU = Release|Any CPU
		Release|x86 = Release|x86
	EndGlobalSection
	GlobalSection(ProjectConfigurationPlatforms) = postSolution
		{DE47FF85-6E21-43A5-BD71-3F5BE9F48713}.Debug|Any CPU.ActiveCfg = Debug|Any CPU
		{DE47FF85-6E21-43A5-BD71-3F5BE9F48713}.Debug|Any CPU.Build.0 = Debug|Any CPU
		{DE47FF85-6E21-43A5-BD71-3F5BE9F48713}.Debug|x86.ActiveCfg = Debug|Any CPU
		{DE47FF85-6E21-43A5-BD71-3F5BE9F48713}.Debug|x86.Build.0 = Debug|Any CPU
		{DE47FF85-6E21-43A5-BD71-3F5BE9F48713}.Release|Any CPU.ActiveCfg = Release|Any CPU
		{DE47FF85-6E21-43A5-BD71-3F5BE9F48713}.Release|Any CPU.Build.0 = Release|Any CPU
		{DE47FF85-6E21-43A5-BD71-3F5BE9F48713}.Release|x86.ActiveCfg = Release|Any CPU
		{DE47FF85-6E21-43A5-BD71-3F5BE9F48713}.Release|x86.Build.0 = Release|Any CPU
		{CF5EFD1B-A05A-42A4-B891-5C73221AD596}.Debug|Any CPU.ActiveCfg = Debug|Any CPU
		{CF5EFD1B-A05A-42A4-B891-5C73221AD596}.Debug|Any CPU.Build.0 = Debug|Any CPU
		{CF5EFD1B-A05A-42A4-B891-5C73221AD596}.Debug|x86.ActiveCfg = Debug|Any CPU
		{CF5EFD1B-A05A-42A4-B891-5C73221AD596}.Debug|x86.Build.0 = Debug|Any CPU
		{CF5EFD1B-A05A-42A4-B891-5C73221AD596}.Release|Any CPU.ActiveCfg = Release|Any CPU
		{CF5EFD1B-A05A-42A4-B891-5C73221AD596}.Release|Any CPU.Build.0 = Release|Any CPU
		{CF5EFD1B-A05A-42A4-B891-5C73221AD596}.Release|x86.ActiveCfg = Release|Any CPU
		{CF5EFD1B-A05A-42A4-B891-5C73221AD596}.Release|x86.Build.0 = Release|Any CPU
		{952574A2-0BC1-44E4-A157-5C2A60DA9597}.Debug|Any CPU.ActiveCfg = Debug|x86
		{952574A2-0BC1-44E4-A157-5C2A60DA9597}.Debug|x86.ActiveCfg = Debug|x86
		{952574A2-0BC1-44E4-A157-5C2A60DA9597}.Debug|x86.Build.0 = Debug|x86
		{952574A2-0BC1-44E4-A157-5C2A60DA9597}.Release|Any CPU.ActiveCfg = Release|x86
		{952574A2-0BC1-44E4-A157-5C2A60DA9597}.Release|x86.ActiveCfg = Release|x86
		{952574A2-0BC1-44E4-A157-5C2A60DA9597}.Release|x86.Build.0 = Release|x86
	EndGlobalSection
	GlobalSection(SolutionProperties) = preSolution
		HideSolutionNode = FALSE
	EndGlobalSection
	GlobalSection(ExtensibilityGlobals) = postSolution
		SolutionGuid = {9EF84589-FCBD-43D1-92A2-3C37288779CF}
	EndGlobalSection
EndGlobal
